
Microsoft Visual Studio Solution File, Format Version 12.00
# Visual Studio Version 17
VisualStudioVersion = 17.7.33906.173
MinimumVisualStudioVersion = 10.0.40219.1
Project("{2150E333-8FDC-42A3-9474-1A3956D46DE8}") = "FrontEnd", "FrontEnd", "{9949263A-BF58-47DA-BDF9-23197DB7C19D}"
EndProject
Project("{2150E333-8FDC-42A3-9474-1A3956D46DE8}") = "Gateway", "Gateway", "{66EEDDE8-0AFA-4F0B-B10A-7500DB227C5C}"
EndProject
Project("{2150E333-8FDC-42A3-9474-1A3956D46DE8}") = "Integration", "Integration", "{BF9E72C2-2586-4A75-BBD4-357BC2643F3C}"
EndProject
Project("{2150E333-8FDC-42A3-9474-1A3956D46DE8}") = "Services", "Services", "{972528F1-3400-48BC-AC63-F8107DD63A3D}"
EndProject
Project("{FAE04EC0-301F-11D3-BF4B-00C04F79EFBC}") = "Micro.Services.CouponAPI", "Micro.Services.CouponAPI\Micro.Services.CouponAPI.csproj", "{A655BE3D-F6A6-4EE9-AB2B-F01BA9CB87D9}"
EndProject
Global
	GlobalSection(SolutionConfigurationPlatforms) = preSolution
		Debug|Any CPU = Debug|Any CPU
		Release|Any CPU = Release|Any CPU
	EndGlobalSection
	GlobalSection(ProjectConfigurationPlatforms) = postSolution
		{A655BE3D-F6A6-4EE9-AB2B-F01BA9CB87D9}.Debug|Any CPU.ActiveCfg = Debug|Any CPU
		{A655BE3D-F6A6-4EE9-AB2B-F01BA9CB87D9}.Debug|Any CPU.Build.0 = Debug|Any CPU
		{A655BE3D-F6A6-4EE9-AB2B-F01BA9CB87D9}.Release|Any CPU.ActiveCfg = Release|Any CPU
		{A655BE3D-F6A6-4EE9-AB2B-F01BA9CB87D9}.Release|Any CPU.Build.0 = Release|Any CPU
	EndGlobalSection
	GlobalSection(SolutionProperties) = preSolution
		HideSolutionNode = FALSE
	EndGlobalSection
	GlobalSection(NestedProjects) = preSolution
		{A655BE3D-F6A6-4EE9-AB2B-F01BA9CB87D9} = {972528F1-3400-48BC-AC63-F8107DD63A3D}
	EndGlobalSection
	GlobalSection(ExtensibilityGlobals) = postSolution
		SolutionGuid = {93D68414-606C-4DA2-BFDE-310E499A8771}
	EndGlobalSection
EndGlobal
